
Microsoft Visual Studio Solution File, Format Version 12.00
# Visual Studio Version 17
VisualStudioVersion = 17.2.32630.192
MinimumVisualStudioVersion = 10.0.40219.1
Project("{9A19103F-16F7-4668-BE54-9A1E7A4F7556}") = "MotorcycleMarket", "MotorcycleMarket\MotorcycleMarket.csproj", "{4FD302AB-FA00-456A-8EDA-B74F74411F99}"
EndProject
Project("{2150E333-8FDC-42A3-9474-1A3956D46DE8}") = "Domain", "Domain", "{FAE64D0B-4579-4DA0-AAC3-D376BA4C75A5}"
EndProject
Project("{2150E333-8FDC-42A3-9474-1A3956D46DE8}") = "DAL", "DAL", "{CBA74E39-0B07-4A96-BCB9-9803139652F5}"
EndProject
Project("{9A19103F-16F7-4668-BE54-9A1E7A4F7556}") = "MotorcycleMarket.Domain", "MotorcycleMarket.Domain\MotorcycleMarket.Domain.csproj", "{1918AFB8-C4EC-4227-ACC3-CAD8815852D9}"
EndProject
Project("{9A19103F-16F7-4668-BE54-9A1E7A4F7556}") = "MotorcycleMarket.DAL", "MotorcycleMarket.DAL\MotorcycleMarket.DAL.csproj", "{DE35B751-36AA-4BBB-9CB3-94D17EF12C5F}"
EndProject
Project("{2150E333-8FDC-42A3-9474-1A3956D46DE8}") = "Service", "Service", "{47C44A95-7DAA-4235-A79F-019C973CAC30}"
EndProject
Project("{9A19103F-16F7-4668-BE54-9A1E7A4F7556}") = "MotorcycleMarket.Service", "Motorcycle.Service\MotorcycleMarket.Service.csproj", "{B37BB9D9-DC2D-4329-BA20-4CFCCC3237FF}"
EndProject
Global
	GlobalSection(SolutionConfigurationPlatforms) = preSolution
		Debug|Any CPU = Debug|Any CPU
		Release|Any CPU = Release|Any CPU
	EndGlobalSection
	GlobalSection(ProjectConfigurationPlatforms) = postSolution
		{4FD302AB-FA00-456A-8EDA-B74F74411F99}.Debug|Any CPU.ActiveCfg = Debug|Any CPU
		{4FD302AB-FA00-456A-8EDA-B74F74411F99}.Debug|Any CPU.Build.0 = Debug|Any CPU
		{4FD302AB-FA00-456A-8EDA-B74F74411F99}.Release|Any CPU.ActiveCfg = Release|Any CPU
		{4FD302AB-FA00-456A-8EDA-B74F74411F99}.Release|Any CPU.Build.0 = Release|Any CPU
		{1918AFB8-C4EC-4227-ACC3-CAD8815852D9}.Debug|Any CPU.ActiveCfg = Debug|Any CPU
		{1918AFB8-C4EC-4227-ACC3-CAD8815852D9}.Debug|Any CPU.Build.0 = Debug|Any CPU
		{1918AFB8-C4EC-4227-ACC3-CAD8815852D9}.Release|Any CPU.ActiveCfg = Release|Any CPU
		{1918AFB8-C4EC-4227-ACC3-CAD8815852D9}.Release|Any CPU.Build.0 = Release|Any CPU
		{DE35B751-36AA-4BBB-9CB3-94D17EF12C5F}.Debug|Any CPU.ActiveCfg = Debug|Any CPU
		{DE35B751-36AA-4BBB-9CB3-94D17EF12C5F}.Debug|Any CPU.Build.0 = Debug|Any CPU
		{DE35B751-36AA-4BBB-9CB3-94D17EF12C5F}.Release|Any CPU.ActiveCfg = Release|Any CPU
		{DE35B751-36AA-4BBB-9CB3-94D17EF12C5F}.Release|Any CPU.Build.0 = Release|Any CPU
		{B37BB9D9-DC2D-4329-BA20-4CFCCC3237FF}.Debug|Any CPU.ActiveCfg = Debug|Any CPU
		{B37BB9D9-DC2D-4329-BA20-4CFCCC3237FF}.Debug|Any CPU.Build.0 = Debug|Any CPU
		{B37BB9D9-DC2D-4329-BA20-4CFCCC3237FF}.Release|Any CPU.ActiveCfg = Release|Any CPU
		{B37BB9D9-DC2D-4329-BA20-4CFCCC3237FF}.Release|Any CPU.Build.0 = Release|Any CPU
	EndGlobalSection
	GlobalSection(SolutionProperties) = preSolution
		HideSolutionNode = FALSE
	EndGlobalSection
	GlobalSection(NestedProjects) = preSolution
		{1918AFB8-C4EC-4227-ACC3-CAD8815852D9} = {FAE64D0B-4579-4DA0-AAC3-D376BA4C75A5}
		{DE35B751-36AA-4BBB-9CB3-94D17EF12C5F} = {CBA74E39-0B07-4A96-BCB9-9803139652F5}
		{B37BB9D9-DC2D-4329-BA20-4CFCCC3237FF} = {47C44A95-7DAA-4235-A79F-019C973CAC30}
	EndGlobalSection
	GlobalSection(ExtensibilityGlobals) = postSolution
		SolutionGuid = {42545CAF-EE6B-48E2-BC46-1BA738545D28}
	EndGlobalSection
EndGlobal
